
Microsoft Visual Studio Solution File, Format Version 12.00
# Visual Studio 15
VisualStudioVersion = 15.0.27703.2026
MinimumVisualStudioVersion = 10.0.40219.1
Project("{FAE04EC0-301F-11D3-BF4B-00C04F79EFBC}") = "Colecciones", "Colecciones\Colecciones.csproj", "{6622D0B5-B338-4547-9C6D-993AB923533E}"
EndProject
Global
	GlobalSection(SolutionConfigurationPlatforms) = preSolution
		Debug|Any CPU = Debug|Any CPU
		Release|Any CPU = Release|Any CPU
	EndGlobalSection
	GlobalSection(ProjectConfigurationPlatforms) = postSolution
		{6622D0B5-B338-4547-9C6D-993AB923533E}.Debug|Any CPU.ActiveCfg = Debug|Any CPU
		{6622D0B5-B338-4547-9C6D-993AB923533E}.Debug|Any CPU.Build.0 = Debug|Any CPU
		{6622D0B5-B338-4547-9C6D-993AB923533E}.Release|Any CPU.ActiveCfg = Release|Any CPU
		{6622D0B5-B338-4547-9C6D-993AB923533E}.Release|Any CPU.Build.0 = Release|Any CPU
	EndGlobalSection
	GlobalSection(SolutionProperties) = preSolution
		HideSolutionNode = FALSE
	EndGlobalSection
	GlobalSection(ExtensibilityGlobals) = postSolution
		SolutionGuid = {2909D9F5-6BEA-4693-9A65-81FE6F8817EA}
	EndGlobalSection
EndGlobal
